// !$*UTF8*$!
{
	archiveVersion = 1;
	classes = {
	};
	objectVersion = 56;
	objects = {

/* Begin PBXBuildFile section */
		83823EB82B726F2700827211 /* ShowcaseCloudApp.swift in Sources */ = {isa = PBXBuildFile; fileRef = 83823EB72B726F2700827211 /* ShowcaseCloudApp.swift */; };
		83823EBA2B726F2700827211 /* ContentView.swift in Sources */ = {isa = PBXBuildFile; fileRef = 83823EB92B726F2700827211 /* ContentView.swift */; };
		83823EBC2B726F2900827211 /* Assets.xcassets in Resources */ = {isa = PBXBuildFile; fileRef = 83823EBB2B726F2900827211 /* Assets.xcassets */; };
		83823EBF2B726F2900827211 /* Preview Assets.xcassets in Resources */ = {isa = PBXBuildFile; fileRef = 83823EBE2B726F2900827211 /* Preview Assets.xcassets */; };
		83823EC72B728C5C00827211 /* CloudKitClient.swift in Sources */ = {isa = PBXBuildFile; fileRef = 83823EC62B728C5C00827211 /* CloudKitClient.swift */; };
		83823ECD2B72971300827211 /* Splash.swift in Sources */ = {isa = PBXBuildFile; fileRef = 83823ECC2B72971300827211 /* Splash.swift */; };
		83823ED02B72975900827211 /* ComposableArchitecture in Frameworks */ = {isa = PBXBuildFile; productRef = 83823ECF2B72975900827211 /* ComposableArchitecture */; };
		83823ED22B729B1F00827211 /* ProfileView.swift in Sources */ = {isa = PBXBuildFile; fileRef = 83823ED12B729B1F00827211 /* ProfileView.swift */; };
		83823ED52B73DC0700827211 /* DependenciesAdditions in Frameworks */ = {isa = PBXBuildFile; productRef = 83823ED42B73DC0700827211 /* DependenciesAdditions */; };
		83823ED72B73DC0700827211 /* _AppStorageDependency in Frameworks */ = {isa = PBXBuildFile; productRef = 83823ED62B73DC0700827211 /* _AppStorageDependency */; };
		83823ED92B73DC0700827211 /* _CoreDataDependency in Frameworks */ = {isa = PBXBuildFile; productRef = 83823ED82B73DC0700827211 /* _CoreDataDependency */; };
		83823EDB2B73DC0700827211 /* _NotificationDependency in Frameworks */ = {isa = PBXBuildFile; productRef = 83823EDA2B73DC0700827211 /* _NotificationDependency */; };
		83823EDD2B73DC0700827211 /* _SwiftUIDependency in Frameworks */ = {isa = PBXBuildFile; productRef = 83823EDC2B73DC0700827211 /* _SwiftUIDependency */; };
		83823EDF2B73DD3E00827211 /* OnboardingView.swift in Sources */ = {isa = PBXBuildFile; fileRef = 83823EDE2B73DD3E00827211 /* OnboardingView.swift */; };
/* End PBXBuildFile section */

/* Begin PBXFileReference section */
		83823EB42B726F2700827211 /* ShowcaseCloud.app */ = {isa = PBXFileReference; explicitFileType = wrapper.application; includeInIndex = 0; path = ShowcaseCloud.app; sourceTree = BUILT_PRODUCTS_DIR; };
		83823EB72B726F2700827211 /* ShowcaseCloudApp.swift */ = {isa = PBXFileReference; lastKnownFileType = sourcecode.swift; path = ShowcaseCloudApp.swift; sourceTree = "<group>"; };
		83823EB92B726F2700827211 /* ContentView.swift */ = {isa = PBXFileReference; lastKnownFileType = sourcecode.swift; path = ContentView.swift; sourceTree = "<group>"; };
		83823EBB2B726F2900827211 /* Assets.xcassets */ = {isa = PBXFileReference; lastKnownFileType = folder.assetcatalog; path = Assets.xcassets; sourceTree = "<group>"; };
		83823EBE2B726F2900827211 /* Preview Assets.xcassets */ = {isa = PBXFileReference; lastKnownFileType = folder.assetcatalog; path = "Preview Assets.xcassets"; sourceTree = "<group>"; };
		83823EC52B726FA900827211 /* ShowcaseCloud.entitlements */ = {isa = PBXFileReference; lastKnownFileType = text.plist.entitlements; path = ShowcaseCloud.entitlements; sourceTree = "<group>"; };
		83823EC62B728C5C00827211 /* CloudKitClient.swift */ = {isa = PBXFileReference; lastKnownFileType = sourcecode.swift; path = CloudKitClient.swift; sourceTree = "<group>"; };
		83823ECC2B72971300827211 /* Splash.swift */ = {isa = PBXFileReference; lastKnownFileType = sourcecode.swift; path = Splash.swift; sourceTree = "<group>"; };
		83823ED12B729B1F00827211 /* ProfileView.swift */ = {isa = PBXFileReference; lastKnownFileType = sourcecode.swift; path = ProfileView.swift; sourceTree = "<group>"; };
		83823EDE2B73DD3E00827211 /* OnboardingView.swift */ = {isa = PBXFileReference; lastKnownFileType = sourcecode.swift; path = OnboardingView.swift; sourceTree = "<group>"; };
		83E199BB2B7617FF00A7DD4E /* README.md */ = {isa = PBXFileReference; lastKnownFileType = net.daringfireball.markdown; path = README.md; sourceTree = "<group>"; };
/* End PBXFileReference section */

/* Begin PBXFrameworksBuildPhase section */
		83823EB12B726F2700827211 /* Frameworks */ = {
			isa = PBXFrameworksBuildPhase;
			buildActionMask = 2147483647;
			files = (
				83823ED92B73DC0700827211 /* _CoreDataDependency in Frameworks */,
				83823ED72B73DC0700827211 /* _AppStorageDependency in Frameworks */,
				83823ED02B72975900827211 /* ComposableArchitecture in Frameworks */,
				83823EDB2B73DC0700827211 /* _NotificationDependency in Frameworks */,
				83823ED52B73DC0700827211 /* DependenciesAdditions in Frameworks */,
				83823EDD2B73DC0700827211 /* _SwiftUIDependency in Frameworks */,
			);
			runOnlyForDeploymentPostprocessing = 0;
		};
/* End PBXFrameworksBuildPhase section */

/* Begin PBXGroup section */
		83823EAB2B726F2700827211 = {
			isa = PBXGroup;
			children = (
				83823EB62B726F2700827211 /* ShowcaseCloud */,
				83823EB52B726F2700827211 /* Products */,
			);
			sourceTree = "<group>";
		};
		83823EB52B726F2700827211 /* Products */ = {
			isa = PBXGroup;
			children = (
				83823EB42B726F2700827211 /* ShowcaseCloud.app */,
			);
			name = Products;
			sourceTree = "<group>";
		};
		83823EB62B726F2700827211 /* ShowcaseCloud */ = {
			isa = PBXGroup;
			children = (
				83823EC52B726FA900827211 /* ShowcaseCloud.entitlements */,
				83823EB72B726F2700827211 /* ShowcaseCloudApp.swift */,
				83823EB92B726F2700827211 /* ContentView.swift */,
				83823EBB2B726F2900827211 /* Assets.xcassets */,
				83823EBD2B726F2900827211 /* Preview Content */,
				83823EC62B728C5C00827211 /* CloudKitClient.swift */,
				83823ECC2B72971300827211 /* Splash.swift */,
				83823EDE2B73DD3E00827211 /* OnboardingView.swift */,
				83823ED12B729B1F00827211 /* ProfileView.swift */,
				83E199BB2B7617FF00A7DD4E /* README.md */,
			);
			path = ShowcaseCloud;
			sourceTree = "<group>";
		};
		83823EBD2B726F2900827211 /* Preview Content */ = {
			isa = PBXGroup;
			children = (
				83823EBE2B726F2900827211 /* Preview Assets.xcassets */,
			);
			path = "Preview Content";
			sourceTree = "<group>";
		};
/* End PBXGroup section */

/* Begin PBXNativeTarget section */
		83823EB32B726F2700827211 /* ShowcaseCloud */ = {
			isa = PBXNativeTarget;
			buildConfigurationList = 83823EC22B726F2900827211 /* Build configuration list for PBXNativeTarget "ShowcaseCloud" */;
			buildPhases = (
				83823EB02B726F2700827211 /* Sources */,
				83823EB12B726F2700827211 /* Frameworks */,
				83823EB22B726F2700827211 /* Resources */,
			);
			buildRules = (
			);
			dependencies = (
			);
			name = ShowcaseCloud;
			packageProductDependencies = (
				83823ECF2B72975900827211 /* ComposableArchitecture */,
				83823ED42B73DC0700827211 /* DependenciesAdditions */,
				83823ED62B73DC0700827211 /* _AppStorageDependency */,
				83823ED82B73DC0700827211 /* _CoreDataDependency */,
				83823EDA2B73DC0700827211 /* _NotificationDependency */,
				83823EDC2B73DC0700827211 /* _SwiftUIDependency */,
			);
			productName = ShowcaseCloud;
			productReference = 83823EB42B726F2700827211 /* ShowcaseCloud.app */;
			productType = "com.apple.product-type.application";
		};
/* End PBXNativeTarget section */

/* Begin PBXProject section */
		83823EAC2B726F2700827211 /* Project object */ = {
			isa = PBXProject;
			attributes = {
				BuildIndependentTargetsInParallel = 1;
				LastSwiftUpdateCheck = 1510;
				LastUpgradeCheck = 1510;
				TargetAttributes = {
					83823EB32B726F2700827211 = {
						CreatedOnToolsVersion = 15.1;
					};
				};
			};
			buildConfigurationList = 83823EAF2B726F2700827211 /* Build configuration list for PBXProject "ShowcaseCloud" */;
			compatibilityVersion = "Xcode 14.0";
			developmentRegion = en;
			hasScannedForEncodings = 0;
			knownRegions = (
				en,
				Base,
			);
			mainGroup = 83823EAB2B726F2700827211;
			packageReferences = (
				83823ECE2B72975900827211 /* XCRemoteSwiftPackageReference "swift-composable-architecture" */,
				83823ED32B73DC0700827211 /* XCRemoteSwiftPackageReference "swift-dependencies-additions" */,
			);
			productRefGroup = 83823EB52B726F2700827211 /* Products */;
			projectDirPath = "";
			projectRoot = "";
			targets = (
				83823EB32B726F2700827211 /* ShowcaseCloud */,
			);
		};
/* End PBXProject section */

/* Begin PBXResourcesBuildPhase section */
		83823EB22B726F2700827211 /* Resources */ = {
			isa = PBXResourcesBuildPhase;
			buildActionMask = 2147483647;
			files = (
				83823EBF2B726F2900827211 /* Preview Assets.xcassets in Resources */,
				83823EBC2B726F2900827211 /* Assets.xcassets in Resources */,
			);
			runOnlyForDeploymentPostprocessing = 0;
		};
/* End PBXResourcesBuildPhase section */

/* Begin PBXSourcesBuildPhase section */
		83823EB02B726F2700827211 /* Sources */ = {
			isa = PBXSourcesBuildPhase;
			buildActionMask = 2147483647;
			files = (
				83823EC72B728C5C00827211 /* CloudKitClient.swift in Sources */,
				83823EBA2B726F2700827211 /* ContentView.swift in Sources */,
				83823EB82B726F2700827211 /* ShowcaseCloudApp.swift in Sources */,
				83823EDF2B73DD3E00827211 /* OnboardingView.swift in Sources */,
				83823ECD2B72971300827211 /* Splash.swift in Sources */,
				83823ED22B729B1F00827211 /* ProfileView.swift in Sources */,
			);
			runOnlyForDeploymentPostprocessing = 0;
		};
/* End PBXSourcesBuildPhase section */

/* Begin XCBuildConfiguration section */
		83823EC02B726F2900827211 /* Debug */ = {
			isa = XCBuildConfiguration;
			buildSettings = {
				ALWAYS_SEARCH_USER_PATHS = NO;
				ASSETCATALOG_COMPILER_GENERATE_SWIFT_ASSET_SYMBOL_EXTENSIONS = YES;
				CLANG_ANALYZER_NONNULL = YES;
				CLANG_ANALYZER_NUMBER_OBJECT_CONVERSION = YES_AGGRESSIVE;
				CLANG_CXX_LANGUAGE_STANDARD = "gnu++20";
				CLANG_ENABLE_MODULES = YES;
				CLANG_ENABLE_OBJC_ARC = YES;
				CLANG_ENABLE_OBJC_WEAK = YES;
				CLANG_WARN_BLOCK_CAPTURE_AUTORELEASING = YES;
				CLANG_WARN_BOOL_CONVERSION = YES;
				CLANG_WARN_COMMA = YES;
				CLANG_WARN_CONSTANT_CONVERSION = YES;
				CLANG_WARN_DEPRECATED_OBJC_IMPLEMENTATIONS = YES;
				CLANG_WARN_DIRECT_OBJC_ISA_USAGE = YES_ERROR;
				CLANG_WARN_DOCUMENTATION_COMMENTS = YES;
				CLANG_WARN_EMPTY_BODY = YES;
				CLANG_WARN_ENUM_CONVERSION = YES;
				CLANG_WARN_INFINITE_RECURSION = YES;
				CLANG_WARN_INT_CONVERSION = YES;
				CLANG_WARN_NON_LITERAL_NULL_CONVERSION = YES;
				CLANG_WARN_OBJC_IMPLICIT_RETAIN_SELF = YES;
				CLANG_WARN_OBJC_LITERAL_CONVERSION = YES;
				CLANG_WARN_OBJC_ROOT_CLASS = YES_ERROR;
				CLANG_WARN_QUOTED_INCLUDE_IN_FRAMEWORK_HEADER = YES;
				CLANG_WARN_RANGE_LOOP_ANALYSIS = YES;
				CLANG_WARN_STRICT_PROTOTYPES = YES;
				CLANG_WARN_SUSPICIOUS_MOVE = YES;
				CLANG_WARN_UNGUARDED_AVAILABILITY = YES_AGGRESSIVE;
				CLANG_WARN_UNREACHABLE_CODE = YES;
				CLANG_WARN__DUPLICATE_METHOD_MATCH = YES;
				COPY_PHASE_STRIP = NO;
				DEBUG_INFORMATION_FORMAT = dwarf;
				ENABLE_STRICT_OBJC_MSGSEND = YES;
				ENABLE_TESTABILITY = YES;
				ENABLE_USER_SCRIPT_SANDBOXING = YES;
				GCC_C_LANGUAGE_STANDARD = gnu17;
				GCC_DYNAMIC_NO_PIC = NO;
				GCC_NO_COMMON_BLOCKS = YES;
				GCC_OPTIMIZATION_LEVEL = 0;
				GCC_PREPROCESSOR_DEFINITIONS = (
					"DEBUG=1",
					"$(inherited)",
				);
				GCC_WARN_64_TO_32_BIT_CONVERSION = YES;
				GCC_WARN_ABOUT_RETURN_TYPE = YES_ERROR;
				GCC_WARN_UNDECLARED_SELECTOR = YES;
				GCC_WARN_UNINITIALIZED_AUTOS = YES_AGGRESSIVE;
				GCC_WARN_UNUSED_FUNCTION = YES;
				GCC_WARN_UNUSED_VARIABLE = YES;
				IPHONEOS_DEPLOYMENT_TARGET = 17.2;
				LOCALIZATION_PREFERS_STRING_CATALOGS = YES;
				MTL_ENABLE_DEBUG_INFO = INCLUDE_SOURCE;
				MTL_FAST_MATH = YES;
				ONLY_ACTIVE_ARCH = YES;
				SDKROOT = iphoneos;
				SWIFT_ACTIVE_COMPILATION_CONDITIONS = "DEBUG $(inherited)";
				SWIFT_OPTIMIZATION_LEVEL = "-Onone";
			};
			name = Debug;
		};
		83823EC12B726F2900827211 /* Release */ = {
			isa = XCBuildConfiguration;
			buildSettings = {
				ALWAYS_SEARCH_USER_PATHS = NO;
				ASSETCATALOG_COMPILER_GENERATE_SWIFT_ASSET_SYMBOL_EXTENSIONS = YES;
				CLANG_ANALYZER_NONNULL = YES;
				CLANG_ANALYZER_NUMBER_OBJECT_CONVERSION = YES_AGGRESSIVE;
				CLANG_CXX_LANGUAGE_STANDARD = "gnu++20";
				CLANG_ENABLE_MODULES = YES;
				CLANG_ENABLE_OBJC_ARC = YES;
				CLANG_ENABLE_OBJC_WEAK = YES;
				CLANG_WARN_BLOCK_CAPTURE_AUTORELEASING = YES;
				CLANG_WARN_BOOL_CONVERSION = YES;
				CLANG_WARN_COMMA = YES;
				CLANG_WARN_CONSTANT_CONVERSION = YES;
				CLANG_WARN_DEPRECATED_OBJC_IMPLEMENTATIONS = YES;
				CLANG_WARN_DIRECT_OBJC_ISA_USAGE = YES_ERROR;
				CLANG_WARN_DOCUMENTATION_COMMENTS = YES;
				CLANG_WARN_EMPTY_BODY = YES;
				CLANG_WARN_ENUM_CONVERSION = YES;
				CLANG_WARN_INFINITE_RECURSION = YES;
				CLANG_WARN_INT_CONVERSION = YES;
				CLANG_WARN_NON_LITERAL_NULL_CONVERSION = YES;
				CLANG_WARN_OBJC_IMPLICIT_RETAIN_SELF = YES;
				CLANG_WARN_OBJC_LITERAL_CONVERSION = YES;
				CLANG_WARN_OBJC_ROOT_CLASS = YES_ERROR;
				CLANG_WARN_QUOTED_INCLUDE_IN_FRAMEWORK_HEADER = YES;
				CLANG_WARN_RANGE_LOOP_ANALYSIS = YES;
				CLANG_WARN_STRICT_PROTOTYPES = YES;
				CLANG_WARN_SUSPICIOUS_MOVE = YES;
				CLANG_WARN_UNGUARDED_AVAILABILITY = YES_AGGRESSIVE;
				CLANG_WARN_UNREACHABLE_CODE = YES;
				CLANG_WARN__DUPLICATE_METHOD_MATCH = YES;
				COPY_PHASE_STRIP = NO;
				DEBUG_INFORMATION_FORMAT = "dwarf-with-dsym";
				ENABLE_NS_ASSERTIONS = NO;
				ENABLE_STRICT_OBJC_MSGSEND = YES;
				ENABLE_USER_SCRIPT_SANDBOXING = YES;
				GCC_C_LANGUAGE_STANDARD = gnu17;
				GCC_NO_COMMON_BLOCKS = YES;
				GCC_WARN_64_TO_32_BIT_CONVERSION = YES;
				GCC_WARN_ABOUT_RETURN_TYPE = YES_ERROR;
				GCC_WARN_UNDECLARED_SELECTOR = YES;
				GCC_WARN_UNINITIALIZED_AUTOS = YES_AGGRESSIVE;
				GCC_WARN_UNUSED_FUNCTION = YES;
				GCC_WARN_UNUSED_VARIABLE = YES;
				IPHONEOS_DEPLOYMENT_TARGET = 17.2;
				LOCALIZATION_PREFERS_STRING_CATALOGS = YES;
				MTL_ENABLE_DEBUG_INFO = NO;
				MTL_FAST_MATH = YES;
				SDKROOT = iphoneos;
				SWIFT_COMPILATION_MODE = wholemodule;
				VALIDATE_PRODUCT = YES;
			};
			name = Release;
		};
		83823EC32B726F2900827211 /* Debug */ = {
			isa = XCBuildConfiguration;
			buildSettings = {
				ASSETCATALOG_COMPILER_APPICON_NAME = AppIcon;
				ASSETCATALOG_COMPILER_GLOBAL_ACCENT_COLOR_NAME = AccentColor;
				CODE_SIGN_ENTITLEMENTS = ShowcaseCloud/ShowcaseCloud.entitlements;
				CODE_SIGN_STYLE = Automatic;
				CURRENT_PROJECT_VERSION = 1;
				DEVELOPMENT_ASSET_PATHS = "\"ShowcaseCloud/Preview Content\"";
				DEVELOPMENT_TEAM = S7Q3D7C8SW;
				ENABLE_PREVIEWS = YES;
				GENERATE_INFOPLIST_FILE = YES;
				INFOPLIST_KEY_UIApplicationSceneManifest_Generation = YES;
				INFOPLIST_KEY_UIApplicationSupportsIndirectInputEvents = YES;
				INFOPLIST_KEY_UILaunchScreen_Generation = YES;
				INFOPLIST_KEY_UISupportedInterfaceOrientations_iPad = "UIInterfaceOrientationPortrait UIInterfaceOrientationPortraitUpsideDown UIInterfaceOrientationLandscapeLeft UIInterfaceOrientationLandscapeRight";
				INFOPLIST_KEY_UISupportedInterfaceOrientations_iPhone = "UIInterfaceOrientationPortrait UIInterfaceOrientationLandscapeLeft UIInterfaceOrientationLandscapeRight";
				LD_RUNPATH_SEARCH_PATHS = (
					"$(inherited)",
					"@executable_path/Frameworks",
				);
				MARKETING_VERSION = 1.0;
				PRODUCT_BUNDLE_IDENTIFIER = com.cloud.kit.poc.profile.ShowcaseCloud;
				PRODUCT_NAME = "$(TARGET_NAME)";
				SWIFT_EMIT_LOC_STRINGS = YES;
				SWIFT_VERSION = 5.0;
				TARGETED_DEVICE_FAMILY = "1,2";
			};
			name = Debug;
		};
		83823EC42B726F2900827211 /* Release */ = {
			isa = XCBuildConfiguration;
			buildSettings = {
				ASSETCATALOG_COMPILER_APPICON_NAME = AppIcon;
				ASSETCATALOG_COMPILER_GLOBAL_ACCENT_COLOR_NAME = AccentColor;
				CODE_SIGN_ENTITLEMENTS = ShowcaseCloud/ShowcaseCloud.entitlements;
				CODE_SIGN_STYLE = Automatic;
				CURRENT_PROJECT_VERSION = 1;
				DEVELOPMENT_ASSET_PATHS = "\"ShowcaseCloud/Preview Content\"";
				DEVELOPMENT_TEAM = S7Q3D7C8SW;
				ENABLE_PREVIEWS = YES;
				GENERATE_INFOPLIST_FILE = YES;
				INFOPLIST_KEY_UIApplicationSceneManifest_Generation = YES;
				INFOPLIST_KEY_UIApplicationSupportsIndirectInputEvents = YES;
				INFOPLIST_KEY_UILaunchScreen_Generation = YES;
				INFOPLIST_KEY_UISupportedInterfaceOrientations_iPad = "UIInterfaceOrientationPortrait UIInterfaceOrientationPortraitUpsideDown UIInterfaceOrientationLandscapeLeft UIInterfaceOrientationLandscapeRight";
				INFOPLIST_KEY_UISupportedInterfaceOrientations_iPhone = "UIInterfaceOrientationPortrait UIInterfaceOrientationLandscapeLeft UIInterfaceOrientationLandscapeRight";
				LD_RUNPATH_SEARCH_PATHS = (
					"$(inherited)",
					"@executable_path/Frameworks",
				);
				MARKETING_VERSION = 1.0;
				PRODUCT_BUNDLE_IDENTIFIER = com.cloud.kit.poc.profile.ShowcaseCloud;
				PRODUCT_NAME = "$(TARGET_NAME)";
				SWIFT_EMIT_LOC_STRINGS = YES;
				SWIFT_VERSION = 5.0;
				TARGETED_DEVICE_FAMILY = "1,2";
			};
			name = Release;
		};
/* End XCBuildConfiguration section */

/* Begin XCConfigurationList section */
		83823EAF2B726F2700827211 /* Build configuration list for PBXProject "ShowcaseCloud" */ = {
			isa = XCConfigurationList;
			buildConfigurations = (
				83823EC02B726F2900827211 /* Debug */,
				83823EC12B726F2900827211 /* Release */,
			);
			defaultConfigurationIsVisible = 0;
			defaultConfigurationName = Release;
		};
		83823EC22B726F2900827211 /* Build configuration list for PBXNativeTarget "ShowcaseCloud" */ = {
			isa = XCConfigurationList;
			buildConfigurations = (
				83823EC32B726F2900827211 /* Debug */,
				83823EC42B726F2900827211 /* Release */,
			);
			defaultConfigurationIsVisible = 0;
			defaultConfigurationName = Release;
		};
/* End XCConfigurationList section */

/* Begin XCRemoteSwiftPackageReference section */
		83823ECE2B72975900827211 /* XCRemoteSwiftPackageReference "swift-composable-architecture" */ = {
			isa = XCRemoteSwiftPackageReference;
			repositoryURL = "https://github.com/pointfreeco/swift-composable-architecture";
			requirement = {
				kind = upToNextMajorVersion;
				minimumVersion = 1.7.3;
			};
		};
		83823ED32B73DC0700827211 /* XCRemoteSwiftPackageReference "swift-dependencies-additions" */ = {
			isa = XCRemoteSwiftPackageReference;
			repositoryURL = "https://github.com/tgrapperon/swift-dependencies-additions";
			requirement = {
				kind = upToNextMajorVersion;
				minimumVersion = 1.0.1;
			};
		};
/* End XCRemoteSwiftPackageReference section */

/* Begin XCSwiftPackageProductDependency section */
		83823ECF2B72975900827211 /* ComposableArchitecture */ = {
			isa = XCSwiftPackageProductDependency;
			package = 83823ECE2B72975900827211 /* XCRemoteSwiftPackageReference "swift-composable-architecture" */;
			productName = ComposableArchitecture;
		};
		83823ED42B73DC0700827211 /* DependenciesAdditions */ = {
			isa = XCSwiftPackageProductDependency;
			package = 83823ED32B73DC0700827211 /* XCRemoteSwiftPackageReference "swift-dependencies-additions" */;
			productName = DependenciesAdditions;
		};
		83823ED62B73DC0700827211 /* _AppStorageDependency */ = {
			isa = XCSwiftPackageProductDependency;
			package = 83823ED32B73DC0700827211 /* XCRemoteSwiftPackageReference "swift-dependencies-additions" */;
			productName = _AppStorageDependency;
		};
		83823ED82B73DC0700827211 /* _CoreDataDependency */ = {
			isa = XCSwiftPackageProductDependency;
			package = 83823ED32B73DC0700827211 /* XCRemoteSwiftPackageReference "swift-dependencies-additions" */;
			productName = _CoreDataDependency;
		};
		83823EDA2B73DC0700827211 /* _NotificationDependency */ = {
			isa = XCSwiftPackageProductDependency;
			package = 83823ED32B73DC0700827211 /* XCRemoteSwiftPackageReference "swift-dependencies-additions" */;
			productName = _NotificationDependency;
		};
		83823EDC2B73DC0700827211 /* _SwiftUIDependency */ = {
			isa = XCSwiftPackageProductDependency;
			package = 83823ED32B73DC0700827211 /* XCRemoteSwiftPackageReference "swift-dependencies-additions" */;
			productName = _SwiftUIDependency;
		};
/* End XCSwiftPackageProductDependency section */
	};
	rootObject = 83823EAC2B726F2700827211 /* Project object */;
}
